
Microsoft Visual Studio Solution File, Format Version 12.00
# Visual Studio Version 17
VisualStudioVersion = 17.4.33205.214
MinimumVisualStudioVersion = 10.0.40219.1
Project("{9A19103F-16F7-4668-BE54-9A1E7A4F7556}") = "TunisieVirus", "TunisieVirus\TunisieVirus.csproj", "{306C629D-A0E0-49A1-83A9-5E548BC35A95}"
EndProject
Project("{2150E333-8FDC-42A3-9474-1A3956D46DE8}") = "Solution Items", "Solution Items", "{5AEB9377-E077-4D09-B14F-D31B3E06B310}"
	ProjectSection(SolutionItems) = preProject
		.editorconfig = .editorconfig
	EndProjectSection
EndProject
Global
	GlobalSection(SolutionConfigurationPlatforms) = preSolution
		Debug|Any CPU = Debug|Any CPU
		Release|Any CPU = Release|Any CPU
	EndGlobalSection
	GlobalSection(ProjectConfigurationPlatforms) = postSolution
		{306C629D-A0E0-49A1-83A9-5E548BC35A95}.Debug|Any CPU.ActiveCfg = Debug|Any CPU
		{306C629D-A0E0-49A1-83A9-5E548BC35A95}.Debug|Any CPU.Build.0 = Debug|Any CPU
		{306C629D-A0E0-49A1-83A9-5E548BC35A95}.Release|Any CPU.ActiveCfg = Release|Any CPU
		{306C629D-A0E0-49A1-83A9-5E548BC35A95}.Release|Any CPU.Build.0 = Release|Any CPU
	EndGlobalSection
	GlobalSection(SolutionProperties) = preSolution
		HideSolutionNode = FALSE
	EndGlobalSection
	GlobalSection(ExtensibilityGlobals) = postSolution
		SolutionGuid = {5A48B59E-F1CF-467A-9FCF-5DADF6BA3863}
	EndGlobalSection
EndGlobal
